
Microsoft Visual Studio Solution File, Format Version 12.00
# Visual Studio 15
VisualStudioVersion = 15.0.27130.2010
MinimumVisualStudioVersion = 10.0.40219.1
Project("{FAE04EC0-301F-11D3-BF4B-00C04F79EFBC}") = "SeleniumFramework", "SeleniumFramework.csproj", "{AE3412F8-0EA0-4BD5-BB6E-FC0278BE8F06}"
EndProject
Global
	GlobalSection(SolutionConfigurationPlatforms) = preSolution
		Debug|Any CPU = Debug|Any CPU
		Release|Any CPU = Release|Any CPU
	EndGlobalSection
	GlobalSection(ProjectConfigurationPlatforms) = postSolution
		{AE3412F8-0EA0-4BD5-BB6E-FC0278BE8F06}.Debug|Any CPU.ActiveCfg = Debug|Any CPU
		{AE3412F8-0EA0-4BD5-BB6E-FC0278BE8F06}.Debug|Any CPU.Build.0 = Debug|Any CPU
		{AE3412F8-0EA0-4BD5-BB6E-FC0278BE8F06}.Release|Any CPU.ActiveCfg = Release|Any CPU
		{AE3412F8-0EA0-4BD5-BB6E-FC0278BE8F06}.Release|Any CPU.Build.0 = Release|Any CPU
	EndGlobalSection
	GlobalSection(SolutionProperties) = preSolution
		HideSolutionNode = FALSE
	EndGlobalSection
	GlobalSection(ExtensibilityGlobals) = postSolution
		SolutionGuid = {EDC493A5-80F7-4651-B084-F88930A8D975}
	EndGlobalSection
EndGlobal
